
Microsoft Visual Studio Solution File, Format Version 12.00
# Visual Studio Version 17
VisualStudioVersion = 17.13.35931.197 d17.13
MinimumVisualStudioVersion = 10.0.40219.1
Project("{FAE04EC0-301F-11D3-BF4B-00C04F79EFBC}") = "DomSalca_E_Commerce_MVC_App", "DomSalca_E_Commerce_MVC_App\DomSalca_E_Commerce_MVC_App.csproj", "{4724DBFD-2653-48D1-8878-04BEA04A3C68}"
EndProject
Global
	GlobalSection(SolutionConfigurationPlatforms) = preSolution
		Debug|Any CPU = Debug|Any CPU
		Release|Any CPU = Release|Any CPU
	EndGlobalSection
	GlobalSection(ProjectConfigurationPlatforms) = postSolution
		{4724DBFD-2653-48D1-8878-04BEA04A3C68}.Debug|Any CPU.ActiveCfg = Debug|Any CPU
		{4724DBFD-2653-48D1-8878-04BEA04A3C68}.Debug|Any CPU.Build.0 = Debug|Any CPU
		{4724DBFD-2653-48D1-8878-04BEA04A3C68}.Release|Any CPU.ActiveCfg = Release|Any CPU
		{4724DBFD-2653-48D1-8878-04BEA04A3C68}.Release|Any CPU.Build.0 = Release|Any CPU
	EndGlobalSection
	GlobalSection(SolutionProperties) = preSolution
		HideSolutionNode = FALSE
	EndGlobalSection
	GlobalSection(ExtensibilityGlobals) = postSolution
		SolutionGuid = {63E7A8EB-1E8B-407B-9442-417123802F75}
	EndGlobalSection
EndGlobal
